// !$*UTF8*$!
{
	archiveVersion = 1;
	classes = {
	};
	objectVersion = 46;
	objects = {

/* Begin PBXBuildFile section */
		7032EF331EEE6873008B8707 /* AppDelegate.swift in Sources */ = {isa = PBXBuildFile; fileRef = 7032EF321EEE6873008B8707 /* AppDelegate.swift */; };
		7032EF351EEE6873008B8707 /* SearchViewController.swift in Sources */ = {isa = PBXBuildFile; fileRef = 7032EF341EEE6873008B8707 /* SearchViewController.swift */; };
		7032EF381EEE6873008B8707 /* Main.storyboard in Resources */ = {isa = PBXBuildFile; fileRef = 7032EF361EEE6873008B8707 /* Main.storyboard */; };
		7032EF3A1EEE6873008B8707 /* Assets.xcassets in Resources */ = {isa = PBXBuildFile; fileRef = 7032EF391EEE6873008B8707 /* Assets.xcassets */; };
		7032EF3D1EEE6873008B8707 /* LaunchScreen.storyboard in Resources */ = {isa = PBXBuildFile; fileRef = 7032EF3B1EEE6873008B8707 /* LaunchScreen.storyboard */; };
		70BD4C9C1EEF04A500A2AF44 /* ResultsViewController.swift in Sources */ = {isa = PBXBuildFile; fileRef = 70BD4C9B1EEF04A500A2AF44 /* ResultsViewController.swift */; };
/* End PBXBuildFile section */

/* Begin PBXFileReference section */
		7032EF2F1EEE6873008B8707 /* EarlyBird.app */ = {isa = PBXFileReference; explicitFileType = wrapper.application; includeInIndex = 0; path = EarlyBird.app; sourceTree = BUILT_PRODUCTS_DIR; };
		7032EF321EEE6873008B8707 /* AppDelegate.swift */ = {isa = PBXFileReference; lastKnownFileType = sourcecode.swift; path = AppDelegate.swift; sourceTree = "<group>"; };
		7032EF341EEE6873008B8707 /* SearchViewController.swift */ = {isa = PBXFileReference; lastKnownFileType = sourcecode.swift; path = SearchViewController.swift; sourceTree = "<group>"; };
		7032EF371EEE6873008B8707 /* Base */ = {isa = PBXFileReference; lastKnownFileType = file.storyboard; name = Base; path = Base.lproj/Main.storyboard; sourceTree = "<group>"; };
		7032EF391EEE6873008B8707 /* Assets.xcassets */ = {isa = PBXFileReference; lastKnownFileType = folder.assetcatalog; path = Assets.xcassets; sourceTree = "<group>"; };
		7032EF3C1EEE6873008B8707 /* Base */ = {isa = PBXFileReference; lastKnownFileType = file.storyboard; name = Base; path = Base.lproj/LaunchScreen.storyboard; sourceTree = "<group>"; };
		7032EF3E1EEE6873008B8707 /* Info.plist */ = {isa = PBXFileReference; lastKnownFileType = text.plist.xml; path = Info.plist; sourceTree = "<group>"; };
		70BD4C9B1EEF04A500A2AF44 /* ResultsViewController.swift */ = {isa = PBXFileReference; fileEncoding = 4; lastKnownFileType = sourcecode.swift; path = ResultsViewController.swift; sourceTree = "<group>"; };
/* End PBXFileReference section */

/* Begin PBXFrameworksBuildPhase section */
		7032EF2C1EEE6873008B8707 /* Frameworks */ = {
			isa = PBXFrameworksBuildPhase;
			buildActionMask = 2147483647;
			files = (
			);
			runOnlyForDeploymentPostprocessing = 0;
		};
/* End PBXFrameworksBuildPhase section */

/* Begin PBXGroup section */
		7032EF261EEE6873008B8707 = {
			isa = PBXGroup;
			children = (
				7032EF311EEE6873008B8707 /* EarlyBird */,
				7032EF301EEE6873008B8707 /* Products */,
			);
			sourceTree = "<group>";
		};
		7032EF301EEE6873008B8707 /* Products */ = {
			isa = PBXGroup;
			children = (
				7032EF2F1EEE6873008B8707 /* EarlyBird.app */,
			);
			name = Products;
			sourceTree = "<group>";
		};
		7032EF311EEE6873008B8707 /* EarlyBird */ = {
			isa = PBXGroup;
			children = (
				70BD4C981EEF045200A2AF44 /* Model */,
				70BD4C991EEF045C00A2AF44 /* View */,
				70BD4C9A1EEF046100A2AF44 /* Controller */,
				7032EF321EEE6873008B8707 /* AppDelegate.swift */,
				7032EF391EEE6873008B8707 /* Assets.xcassets */,
				7032EF3E1EEE6873008B8707 /* Info.plist */,
			);
			path = EarlyBird;
			sourceTree = "<group>";
		};
		70BD4C981EEF045200A2AF44 /* Model */ = {
			isa = PBXGroup;
			children = (
			);
			name = Model;
			sourceTree = "<group>";
		};
		70BD4C991EEF045C00A2AF44 /* View */ = {
			isa = PBXGroup;
			children = (
				7032EF3B1EEE6873008B8707 /* LaunchScreen.storyboard */,
				7032EF361EEE6873008B8707 /* Main.storyboard */,
			);
			name = View;
			sourceTree = "<group>";
		};
		70BD4C9A1EEF046100A2AF44 /* Controller */ = {
			isa = PBXGroup;
			children = (
				7032EF341EEE6873008B8707 /* SearchViewController.swift */,
				70BD4C9B1EEF04A500A2AF44 /* ResultsViewController.swift */,
			);
			name = Controller;
			sourceTree = "<group>";
		};
/* End PBXGroup section */

/* Begin PBXNativeTarget section */
		7032EF2E1EEE6873008B8707 /* EarlyBird */ = {
			isa = PBXNativeTarget;
			buildConfigurationList = 7032EF411EEE6873008B8707 /* Build configuration list for PBXNativeTarget "EarlyBird" */;
			buildPhases = (
				7032EF2B1EEE6873008B8707 /* Sources */,
				7032EF2C1EEE6873008B8707 /* Frameworks */,
				7032EF2D1EEE6873008B8707 /* Resources */,
			);
			buildRules = (
			);
			dependencies = (
			);
			name = EarlyBird;
			productName = EarlyBird;
			productReference = 7032EF2F1EEE6873008B8707 /* EarlyBird.app */;
			productType = "com.apple.product-type.application";
		};
/* End PBXNativeTarget section */

/* Begin PBXProject section */
		7032EF271EEE6873008B8707 /* Project object */ = {
			isa = PBXProject;
			attributes = {
				LastSwiftUpdateCheck = 0830;
				LastUpgradeCheck = 0830;
				ORGANIZATIONNAME = "Max Peiros";
				TargetAttributes = {
					7032EF2E1EEE6873008B8707 = {
						CreatedOnToolsVersion = 8.3.3;
						DevelopmentTeam = WRD8ABT3AF;
						ProvisioningStyle = Automatic;
					};
				};
			};
			buildConfigurationList = 7032EF2A1EEE6873008B8707 /* Build configuration list for PBXProject "EarlyBird" */;
			compatibilityVersion = "Xcode 3.2";
			developmentRegion = English;
			hasScannedForEncodings = 0;
			knownRegions = (
				en,
				Base,
			);
			mainGroup = 7032EF261EEE6873008B8707;
			productRefGroup = 7032EF301EEE6873008B8707 /* Products */;
			projectDirPath = "";
			projectRoot = "";
			targets = (
				7032EF2E1EEE6873008B8707 /* EarlyBird */,
			);
		};
/* End PBXProject section */

/* Begin PBXResourcesBuildPhase section */
		7032EF2D1EEE6873008B8707 /* Resources */ = {
			isa = PBXResourcesBuildPhase;
			buildActionMask = 2147483647;
			files = (
				7032EF3D1EEE6873008B8707 /* LaunchScreen.storyboard in Resources */,
				7032EF3A1EEE6873008B8707 /* Assets.xcassets in Resources */,
				7032EF381EEE6873008B8707 /* Main.storyboard in Resources */,
			);
			runOnlyForDeploymentPostprocessing = 0;
		};
/* End PBXResourcesBuildPhase section */

/* Begin PBXSourcesBuildPhase section */
		7032EF2B1EEE6873008B8707 /* Sources */ = {
			isa = PBXSourcesBuildPhase;
			buildActionMask = 2147483647;
			files = (
				7032EF351EEE6873008B8707 /* SearchViewController.swift in Sources */,
				7032EF331EEE6873008B8707 /* AppDelegate.swift in Sources */,
				70BD4C9C1EEF04A500A2AF44 /* ResultsViewController.swift in Sources */,
			);
			runOnlyForDeploymentPostprocessing = 0;
		};
/* End PBXSourcesBuildPhase section */

/* Begin PBXVariantGroup section */
		7032EF361EEE6873008B8707 /* Main.storyboard */ = {
			isa = PBXVariantGroup;
			children = (
				7032EF371EEE6873008B8707 /* Base */,
			);
			name = Main.storyboard;
			sourceTree = "<group>";
		};
		7032EF3B1EEE6873008B8707 /* LaunchScreen.storyboard */ = {
			isa = PBXVariantGroup;
			children = (
				7032EF3C1EEE6873008B8707 /* Base */,
			);
			name = LaunchScreen.storyboard;
			sourceTree = "<group>";
		};
/* End PBXVariantGroup section */

/* Begin XCBuildConfiguration section */
		7032EF3F1EEE6873008B8707 /* Debug */ = {
			isa = XCBuildConfiguration;
			buildSettings = {
				ALWAYS_SEARCH_USER_PATHS = NO;
				CLANG_ANALYZER_NONNULL = YES;
				CLANG_ANALYZER_NUMBER_OBJECT_CONVERSION = YES_AGGRESSIVE;
				CLANG_CXX_LANGUAGE_STANDARD = "gnu++0x";
				CLANG_CXX_LIBRARY = "libc++";
				CLANG_ENABLE_MODULES = YES;
				CLANG_ENABLE_OBJC_ARC = YES;
				CLANG_WARN_BOOL_CONVERSION = YES;
				CLANG_WARN_CONSTANT_CONVERSION = YES;
				CLANG_WARN_DIRECT_OBJC_ISA_USAGE = YES_ERROR;
				CLANG_WARN_DOCUMENTATION_COMMENTS = YES;
				CLANG_WARN_EMPTY_BODY = YES;
				CLANG_WARN_ENUM_CONVERSION = YES;
				CLANG_WARN_INFINITE_RECURSION = YES;
				CLANG_WARN_INT_CONVERSION = YES;
				CLANG_WARN_OBJC_ROOT_CLASS = YES_ERROR;
				CLANG_WARN_SUSPICIOUS_MOVE = YES;
				CLANG_WARN_UNREACHABLE_CODE = YES;
				CLANG_WARN__DUPLICATE_METHOD_MATCH = YES;
				"CODE_SIGN_IDENTITY[sdk=iphoneos*]" = "iPhone Developer";
				COPY_PHASE_STRIP = NO;
				DEBUG_INFORMATION_FORMAT = dwarf;
				ENABLE_STRICT_OBJC_MSGSEND = YES;
				ENABLE_TESTABILITY = YES;
				GCC_C_LANGUAGE_STANDARD = gnu99;
				GCC_DYNAMIC_NO_PIC = NO;
				GCC_NO_COMMON_BLOCKS = YES;
				GCC_OPTIMIZATION_LEVEL = 0;
				GCC_PREPROCESSOR_DEFINITIONS = (
					"DEBUG=1",
					"$(inherited)",
				);
				GCC_WARN_64_TO_32_BIT_CONVERSION = YES;
				GCC_WARN_ABOUT_RETURN_TYPE = YES_ERROR;
				GCC_WARN_UNDECLARED_SELECTOR = YES;
				GCC_WARN_UNINITIALIZED_AUTOS = YES_AGGRESSIVE;
				GCC_WARN_UNUSED_FUNCTION = YES;
				GCC_WARN_UNUSED_VARIABLE = YES;
				IPHONEOS_DEPLOYMENT_TARGET = 10.3;
				MTL_ENABLE_DEBUG_INFO = YES;
				ONLY_ACTIVE_ARCH = YES;
				SDKROOT = iphoneos;
				SWIFT_ACTIVE_COMPILATION_CONDITIONS = DEBUG;
				SWIFT_OPTIMIZATION_LEVEL = "-Onone";
			};
			name = Debug;
		};
		7032EF401EEE6873008B8707 /* Release */ = {
			isa = XCBuildConfiguration;
			buildSettings = {
				ALWAYS_SEARCH_USER_PATHS = NO;
				CLANG_ANALYZER_NONNULL = YES;
				CLANG_ANALYZER_NUMBER_OBJECT_CONVERSION = YES_AGGRESSIVE;
				CLANG_CXX_LANGUAGE_STANDARD = "gnu++0x";
				CLANG_CXX_LIBRARY = "libc++";
				CLANG_ENABLE_MODULES = YES;
				CLANG_ENABLE_OBJC_ARC = YES;
				CLANG_WARN_BOOL_CONVERSION = YES;
				CLANG_WARN_CONSTANT_CONVERSION = YES;
				CLANG_WARN_DIRECT_OBJC_ISA_USAGE = YES_ERROR;
				CLANG_WARN_DOCUMENTATION_COMMENTS = YES;
				CLANG_WARN_EMPTY_BODY = YES;
				CLANG_WARN_ENUM_CONVERSION = YES;
				CLANG_WARN_INFINITE_RECURSION = YES;
				CLANG_WARN_INT_CONVERSION = YES;
				CLANG_WARN_OBJC_ROOT_CLASS = YES_ERROR;
				CLANG_WARN_SUSPICIOUS_MOVE = YES;
				CLANG_WARN_UNREACHABLE_CODE = YES;
				CLANG_WARN__DUPLICATE_METHOD_MATCH = YES;
				"CODE_SIGN_IDENTITY[sdk=iphoneos*]" = "iPhone Developer";
				COPY_PHASE_STRIP = NO;
				DEBUG_INFORMATION_FORMAT = "dwarf-with-dsym";
				ENABLE_NS_ASSERTIONS = NO;
				ENABLE_STRICT_OBJC_MSGSEND = YES;
				GCC_C_LANGUAGE_STANDARD = gnu99;
				GCC_NO_COMMON_BLOCKS = YES;
				GCC_WARN_64_TO_32_BIT_CONVERSION = YES;
				GCC_WARN_ABOUT_RETURN_TYPE = YES_ERROR;
				GCC_WARN_UNDECLARED_SELECTOR = YES;
				GCC_WARN_UNINITIALIZED_AUTOS = YES_AGGRESSIVE;
				GCC_WARN_UNUSED_FUNCTION = YES;
				GCC_WARN_UNUSED_VARIABLE = YES;
				IPHONEOS_DEPLOYMENT_TARGET = 10.3;
				MTL_ENABLE_DEBUG_INFO = NO;
				SDKROOT = iphoneos;
				SWIFT_OPTIMIZATION_LEVEL = "-Owholemodule";
				VALIDATE_PRODUCT = YES;
			};
			name = Release;
		};
		7032EF421EEE6873008B8707 /* Debug */ = {
			isa = XCBuildConfiguration;
			buildSettings = {
				ASSETCATALOG_COMPILER_APPICON_NAME = AppIcon;
				DEVELOPMENT_TEAM = WRD8ABT3AF;
				INFOPLIST_FILE = EarlyBird/Info.plist;
				LD_RUNPATH_SEARCH_PATHS = "$(inherited) @executable_path/Frameworks";
				PRODUCT_BUNDLE_IDENTIFIER = com.maxpeiros.EarlyBird;
				PRODUCT_NAME = "$(TARGET_NAME)";
				SWIFT_VERSION = 3.0;
			};
			name = Debug;
		};
		7032EF431EEE6873008B8707 /* Release */ = {
			isa = XCBuildConfiguration;
			buildSettings = {
				ASSETCATALOG_COMPILER_APPICON_NAME = AppIcon;
				DEVELOPMENT_TEAM = WRD8ABT3AF;
				INFOPLIST_FILE = EarlyBird/Info.plist;
				LD_RUNPATH_SEARCH_PATHS = "$(inherited) @executable_path/Frameworks";
				PRODUCT_BUNDLE_IDENTIFIER = com.maxpeiros.EarlyBird;
				PRODUCT_NAME = "$(TARGET_NAME)";
				SWIFT_VERSION = 3.0;
			};
			name = Release;
		};
/* End XCBuildConfiguration section */

/* Begin XCConfigurationList section */
		7032EF2A1EEE6873008B8707 /* Build configuration list for PBXProject "EarlyBird" */ = {
			isa = XCConfigurationList;
			buildConfigurations = (
				7032EF3F1EEE6873008B8707 /* Debug */,
				7032EF401EEE6873008B8707 /* Release */,
			);
			defaultConfigurationIsVisible = 0;
			defaultConfigurationName = Release;
		};
		7032EF411EEE6873008B8707 /* Build configuration list for PBXNativeTarget "EarlyBird" */ = {
			isa = XCConfigurationList;
			buildConfigurations = (
				7032EF421EEE6873008B8707 /* Debug */,
				7032EF431EEE6873008B8707 /* Release */,
			);
			defaultConfigurationIsVisible = 0;
			defaultConfigurationName = Release;
		};
/* End XCConfigurationList section */
	};
	rootObject = 7032EF271EEE6873008B8707 /* Project object */;
}
